
Microsoft Visual Studio Solution File, Format Version 12.00
# Visual Studio Version 16
VisualStudioVersion = 16.0.29424.173
MinimumVisualStudioVersion = 10.0.40219.1
Project("{2150E333-8FDC-42A3-9474-1A3956D46DE8}") = "src", "src", "{5E870BB2-AC77-4AF0-8F1D-AAFBD09B0706}"
EndProject
Project("{2150E333-8FDC-42A3-9474-1A3956D46DE8}") = "test", "test", "{CC26BEC6-0B5E-403C-A606-4DE5FA0D144F}"
EndProject
Project("{2150E333-8FDC-42A3-9474-1A3956D46DE8}") = "Infrastructure", "Infrastructure", "{BC65D1EB-E034-4FBF-8DEA-F57C73A5385A}"
EndProject
Project("{2150E333-8FDC-42A3-9474-1A3956D46DE8}") = "Domain", "Domain", "{48C38220-8F49-4EA6-838F-4022869B8B0A}"
EndProject
Project("{2150E333-8FDC-42A3-9474-1A3956D46DE8}") = "Application", "Application", "{E168DCBC-05A2-4ED6-A395-0A2795162CE4}"
EndProject
Project("{2150E333-8FDC-42A3-9474-1A3956D46DE8}") = "Service", "Service", "{98671BE6-CD53-4683-88D3-5729D3E030B9}"
EndProject
Project("{2150E333-8FDC-42A3-9474-1A3956D46DE8}") = "WebUI", "WebUI", "{95214C4F-BD7F-4E69-822E-8137D041E3F6}"
EndProject
Project("{9A19103F-16F7-4668-BE54-9A1E7A4F7556}") = "DtCoCo.User.Persistence", "src\Infrastructure\DtCoCo.User.Persistence\DtCoCo.User.Persistence.csproj", "{0796FA33-11CD-4E42-AAF0-9991E40C9E14}"
EndProject
Project("{9A19103F-16F7-4668-BE54-9A1E7A4F7556}") = "DtCoCo.User.Domain", "src\Domain\DtCoCo.User.Domain\DtCoCo.User.Domain.csproj", "{513818BF-CC0C-4FDA-824D-414CA55DE7EB}"
EndProject
Project("{9A19103F-16F7-4668-BE54-9A1E7A4F7556}") = "DtCoCo.User.Core", "src\Domain\DtCoCo.User.Core\DtCoCo.User.Core.csproj", "{C22029C2-7131-493F-9E53-339463CD77AE}"
EndProject
Project("{FAE04EC0-301F-11D3-BF4B-00C04F79EFBC}") = "DtCoCo.User.Application", "src\Application\DtCoCo.User.Application\DtCoCo.User.Application.csproj", "{651F7ABB-43C3-4885-B1C5-64A90F52C74F}"
EndProject
Project("{FAE04EC0-301F-11D3-BF4B-00C04F79EFBC}") = "DtCoCo.Security.Authorize", "src\WebUI\DtCoCo.Security.Authorize\DtCoCo.Security.Authorize.csproj", "{151A172B-BC20-49B6-AAF3-B54C865807E3}"
EndProject
Global
	GlobalSection(SolutionConfigurationPlatforms) = preSolution
		Debug|Any CPU = Debug|Any CPU
		Release|Any CPU = Release|Any CPU
	EndGlobalSection
	GlobalSection(ProjectConfigurationPlatforms) = postSolution
		{0796FA33-11CD-4E42-AAF0-9991E40C9E14}.Debug|Any CPU.ActiveCfg = Debug|Any CPU
		{0796FA33-11CD-4E42-AAF0-9991E40C9E14}.Debug|Any CPU.Build.0 = Debug|Any CPU
		{0796FA33-11CD-4E42-AAF0-9991E40C9E14}.Release|Any CPU.ActiveCfg = Release|Any CPU
		{0796FA33-11CD-4E42-AAF0-9991E40C9E14}.Release|Any CPU.Build.0 = Release|Any CPU
		{513818BF-CC0C-4FDA-824D-414CA55DE7EB}.Debug|Any CPU.ActiveCfg = Debug|Any CPU
		{513818BF-CC0C-4FDA-824D-414CA55DE7EB}.Debug|Any CPU.Build.0 = Debug|Any CPU
		{513818BF-CC0C-4FDA-824D-414CA55DE7EB}.Release|Any CPU.ActiveCfg = Release|Any CPU
		{513818BF-CC0C-4FDA-824D-414CA55DE7EB}.Release|Any CPU.Build.0 = Release|Any CPU
		{C22029C2-7131-493F-9E53-339463CD77AE}.Debug|Any CPU.ActiveCfg = Debug|Any CPU
		{C22029C2-7131-493F-9E53-339463CD77AE}.Debug|Any CPU.Build.0 = Debug|Any CPU
		{C22029C2-7131-493F-9E53-339463CD77AE}.Release|Any CPU.ActiveCfg = Release|Any CPU
		{C22029C2-7131-493F-9E53-339463CD77AE}.Release|Any CPU.Build.0 = Release|Any CPU
		{651F7ABB-43C3-4885-B1C5-64A90F52C74F}.Debug|Any CPU.ActiveCfg = Debug|Any CPU
		{651F7ABB-43C3-4885-B1C5-64A90F52C74F}.Debug|Any CPU.Build.0 = Debug|Any CPU
		{651F7ABB-43C3-4885-B1C5-64A90F52C74F}.Release|Any CPU.ActiveCfg = Release|Any CPU
		{651F7ABB-43C3-4885-B1C5-64A90F52C74F}.Release|Any CPU.Build.0 = Release|Any CPU
		{151A172B-BC20-49B6-AAF3-B54C865807E3}.Debug|Any CPU.ActiveCfg = Debug|Any CPU
		{151A172B-BC20-49B6-AAF3-B54C865807E3}.Debug|Any CPU.Build.0 = Debug|Any CPU
		{151A172B-BC20-49B6-AAF3-B54C865807E3}.Release|Any CPU.ActiveCfg = Release|Any CPU
		{151A172B-BC20-49B6-AAF3-B54C865807E3}.Release|Any CPU.Build.0 = Release|Any CPU
	EndGlobalSection
	GlobalSection(SolutionProperties) = preSolution
		HideSolutionNode = FALSE
	EndGlobalSection
	GlobalSection(NestedProjects) = preSolution
		{BC65D1EB-E034-4FBF-8DEA-F57C73A5385A} = {5E870BB2-AC77-4AF0-8F1D-AAFBD09B0706}
		{48C38220-8F49-4EA6-838F-4022869B8B0A} = {5E870BB2-AC77-4AF0-8F1D-AAFBD09B0706}
		{E168DCBC-05A2-4ED6-A395-0A2795162CE4} = {5E870BB2-AC77-4AF0-8F1D-AAFBD09B0706}
		{98671BE6-CD53-4683-88D3-5729D3E030B9} = {5E870BB2-AC77-4AF0-8F1D-AAFBD09B0706}
		{95214C4F-BD7F-4E69-822E-8137D041E3F6} = {5E870BB2-AC77-4AF0-8F1D-AAFBD09B0706}
		{0796FA33-11CD-4E42-AAF0-9991E40C9E14} = {BC65D1EB-E034-4FBF-8DEA-F57C73A5385A}
		{513818BF-CC0C-4FDA-824D-414CA55DE7EB} = {48C38220-8F49-4EA6-838F-4022869B8B0A}
		{C22029C2-7131-493F-9E53-339463CD77AE} = {48C38220-8F49-4EA6-838F-4022869B8B0A}
		{651F7ABB-43C3-4885-B1C5-64A90F52C74F} = {E168DCBC-05A2-4ED6-A395-0A2795162CE4}
		{151A172B-BC20-49B6-AAF3-B54C865807E3} = {95214C4F-BD7F-4E69-822E-8137D041E3F6}
	EndGlobalSection
	GlobalSection(ExtensibilityGlobals) = postSolution
		SolutionGuid = {C1D63E6A-5FAA-48C0-AD2F-A0720C28F7D7}
	EndGlobalSection
EndGlobal
